<?xml version="1.0" encoding="utf-8"?>
<Project ToolsVersion="4.0" xmlns="http://schemas.microsoft.com/developer/msbuild/2003">
  <ItemGroup>
    <ClInclude Include="include\CotEngine.h" />
    <ClInclude Include="include\base\CotType.h">
      <Filter>Base</Filter>
    </ClInclude>
    <ClInclude Include="include\base\CotDefine.h">
      <Filter>Base</Filter>
    </ClInclude>
    <ClInclude Include="include\base\CotRule.h">
      <Filter>Base</Filter>
    </ClInclude>
    <ClInclude Include="include\base\CotTime.h">
      <Filter>Base</Filter>
    </ClInclude>
    <ClInclude Include="include\base\CotApplication.h">
      <Filter>Base</Filter>
    </ClInclude>
    <ClInclude Include="include\base\CotStringUtility.h">
      <Filter>Base</Filter>
    </ClInclude>
    <ClInclude Include="include\render\CotIGraphics.h">
      <Filter>Render</Filter>
    </ClInclude>
    <ClInclude Include="include\render\CotIRenderer.h">
      <Filter>Render</Filter>
    </ClInclude>
    <ClInclude Include="include\render\CotDx9Device.h">
      <Filter>Render</Filter>
    </ClInclude>
    <ClInclude Include="include\base\CotSceneManager.h">
      <Filter>Base</Filter>
    </ClInclude>
    <ClInclude Include="include\base\CotNode.h">
      <Filter>Base</Filter>
    </ClInclude>
    <ClInclude Include="include\base\CotIScene.h">
      <Filter>Base</Filter>
    </ClInclude>
    <ClInclude Include="include\base\object\CotObject.h">
      <Filter>Base\Object</Filter>
    </ClInclude>
    <ClInclude Include="include\render\CotDx9Renderer2D.h">
      <Filter>Render</Filter>
    </ClInclude>
    <ClInclude Include="include\math\CotMath.h">
      <Filter>Math</Filter>
    </ClInclude>
    <ClInclude Include="include\math\CotMathFunc.h">
      <Filter>Math</Filter>
    </ClInclude>
    <ClInclude Include="include\math\CotQuaternion.h">
      <Filter>Math</Filter>
    </ClInclude>
    <ClInclude Include="include\math\CotVec2.h">
      <Filter>Math</Filter>
    </ClInclude>
    <ClInclude Include="include\math\CotVec3.h">
      <Filter>Math</Filter>
    </ClInclude>
    <ClInclude Include="include\math\CotVec4.h">
      <Filter>Math</Filter>
    </ClInclude>
    <ClInclude Include="include\math\CotColor.h">
      <Filter>Math</Filter>
    </ClInclude>
    <ClInclude Include="include\math\CotColor32.h">
      <Filter>Math</Filter>
    </ClInclude>
    <ClInclude Include="include\math\CotGeometry.h">
      <Filter>Math</Filter>
    </ClInclude>
    <ClInclude Include="include\math\CotMat4.h">
      <Filter>Math</Filter>
    </ClInclude>
    <ClInclude Include="include\math\CotGL2DX.h">
      <Filter>Math</Filter>
    </ClInclude>
  </ItemGroup>
  <ItemGroup>
    <Filter Include="Base">
      <UniqueIdentifier>{b4179c9f-0c2e-4ee6-900c-2b215cdbbe1a}</UniqueIdentifier>
    </Filter>
    <Filter Include="Render">
      <UniqueIdentifier>{01824e70-87b1-4642-a352-c226e58065e8}</UniqueIdentifier>
    </Filter>
    <Filter Include="Base\Object">
      <UniqueIdentifier>{2ab5c590-7b35-4d8e-99e4-9a958934e817}</UniqueIdentifier>
    </Filter>
    <Filter Include="Math">
      <UniqueIdentifier>{db6efc22-21b7-4757-8e9a-ef4f21965888}</UniqueIdentifier>
    </Filter>
    <Filter Include="Audio">
      <UniqueIdentifier>{23ddd9be-1ded-433e-ae83-87516f061bfe}</UniqueIdentifier>
    </Filter>
  </ItemGroup>
  <ItemGroup>
    <ClCompile Include="src\CotTime.cpp">
      <Filter>Base</Filter>
    </ClCompile>
    <ClCompile Include="src\CotApplication.cpp">
      <Filter>Base</Filter>
    </ClCompile>
    <ClCompile Include="src\CotDx9Device.cpp">
      <Filter>Render</Filter>
    </ClCompile>
    <ClCompile Include="src\CotNode.cpp">
      <Filter>Base</Filter>
    </ClCompile>
    <ClCompile Include="src\CotSceneManager.cpp">
      <Filter>Base</Filter>
    </ClCompile>
    <ClCompile Include="src\CotObject.cpp">
      <Filter>Base\Object</Filter>
    </ClCompile>
    <ClCompile Include="src\CotDx9Renderer2D.cpp">
      <Filter>Render</Filter>
    </ClCompile>
    <ClCompile Include="src\CotColor.cpp">
      <Filter>Math</Filter>
    </ClCompile>
    <ClCompile Include="src\CotColor32.cpp">
      <Filter>Math</Filter>
    </ClCompile>
    <ClCompile Include="src\CotQuaternion.cpp">
      <Filter>Math</Filter>
    </ClCompile>
    <ClCompile Include="src\CotMat4.cpp">
      <Filter>Math</Filter>
    </ClCompile>
    <ClCompile Include="src\CotVec3.cpp">
      <Filter>Math</Filter>
    </ClCompile>
    <ClCompile Include="src\CotVec4.cpp">
      <Filter>Math</Filter>
    </ClCompile>
    <ClCompile Include="src\CotMathFunc.cpp">
      <Filter>Math</Filter>
    </ClCompile>
    <ClCompile Include="src\CotGeometry.cpp">
      <Filter>Math</Filter>
    </ClCompile>
    <ClCompile Include="src\CotVec2.cpp">
      <Filter>Math</Filter>
    </ClCompile>
    <ClCompile Include="src\CotGL2DX.cpp">
      <Filter>Math</Filter>
    </ClCompile>
  </ItemGroup>
</Project>