<?xml version="1.0" encoding="utf-8"?>
<Project ToolsVersion="4.0" xmlns="http://schemas.microsoft.com/developer/msbuild/2003">
  <ItemGroup>
    <ClInclude Include="include\CotEngine.h" />
    <ClInclude Include="include\base\CotType.h">
      <Filter>Base</Filter>
    </ClInclude>
    <ClInclude Include="include\base\CotDefine.h">
      <Filter>Base</Filter>
    </ClInclude>
    <ClInclude Include="include\base\CotRule.h">
      <Filter>Base</Filter>
    </ClInclude>
    <ClInclude Include="include\base\CotTime.h">
      <Filter>Base</Filter>
    </ClInclude>
    <ClInclude Include="include\base\CotApplication.h">
      <Filter>Base</Filter>
    </ClInclude>
    <ClInclude Include="include\base\CotStringUtility.h">
      <Filter>Base</Filter>
    </ClInclude>
    <ClInclude Include="include\render\CotIGraphics.h">
      <Filter>Render</Filter>
    </ClInclude>
    <ClInclude Include="include\render\CotIRenderer.h">
      <Filter>Render</Filter>
    </ClInclude>
    <ClInclude Include="include\render\CotDx9Device.h">
      <Filter>Render</Filter>
    </ClInclude>
    <ClInclude Include="include\base\CotSceneManager.h">
      <Filter>Base</Filter>
    </ClInclude>
    <ClInclude Include="include\render\CotDx9Renderer2D.h">
      <Filter>Render</Filter>
    </ClInclude>
    <ClInclude Include="include\math\CotMath.h">
      <Filter>Math</Filter>
    </ClInclude>
    <ClInclude Include="include\math\CotMathFunc.h">
      <Filter>Math</Filter>
    </ClInclude>
    <ClInclude Include="include\math\CotQuaternion.h">
      <Filter>Math</Filter>
    </ClInclude>
    <ClInclude Include="include\math\CotVec2.h">
      <Filter>Math</Filter>
    </ClInclude>
    <ClInclude Include="include\math\CotVec3.h">
      <Filter>Math</Filter>
    </ClInclude>
    <ClInclude Include="include\math\CotVec4.h">
      <Filter>Math</Filter>
    </ClInclude>
    <ClInclude Include="include\math\CotColor.h">
      <Filter>Math</Filter>
    </ClInclude>
    <ClInclude Include="include\math\CotColor32.h">
      <Filter>Math</Filter>
    </ClInclude>
    <ClInclude Include="include\math\CotGeometry.h">
      <Filter>Math</Filter>
    </ClInclude>
    <ClInclude Include="include\math\CotMat4.h">
      <Filter>Math</Filter>
    </ClInclude>
    <ClInclude Include="include\math\CotGL2DX.h">
      <Filter>Math</Filter>
    </ClInclude>
    <ClInclude Include="include\audio\CotOpenAL.h">
      <Filter>Audio</Filter>
    </ClInclude>
    <ClInclude Include="include\audio\CotIDecoder.h">
      <Filter>Audio</Filter>
    </ClInclude>
    <ClInclude Include="include\audio\CotWavDecoder.h">
      <Filter>Audio</Filter>
    </ClInclude>
    <ClInclude Include="include\audio\CotOggDecoder.h">
      <Filter>Audio</Filter>
    </ClInclude>
    <ClInclude Include="include\component\CotIComponent.h">
      <Filter>Component</Filter>
    </ClInclude>
    <ClInclude Include="include\base\CotBroadCastProtocol.h">
      <Filter>Base</Filter>
    </ClInclude>
    <ClInclude Include="include\base\CotEntity.h">
      <Filter>Base</Filter>
    </ClInclude>
    <ClInclude Include="include\base\CotScene.h">
      <Filter>Base</Filter>
    </ClInclude>
    <ClInclude Include="include\base\CotVectorMap.hpp">
      <Filter>Base</Filter>
    </ClInclude>
    <ClInclude Include="include\component\CotSpriteRenderer.h">
      <Filter>Component</Filter>
    </ClInclude>
    <ClInclude Include="include\asset\CotAudioClip.h">
      <Filter>Asset</Filter>
    </ClInclude>
    <ClInclude Include="include\asset\CotAsset.h">
      <Filter>Asset</Filter>
    </ClInclude>
    <ClInclude Include="include\asset\CotTexture.h">
      <Filter>Asset</Filter>
    </ClInclude>
    <ClInclude Include="include\asset\CotAssetManager.h">
      <Filter>Asset</Filter>
    </ClInclude>
    <ClInclude Include="include\render\CotRenderManager.h">
      <Filter>Render</Filter>
    </ClInclude>
    <ClInclude Include="include\component\CotAudioListener.h">
      <Filter>Component</Filter>
    </ClInclude>
    <ClInclude Include="include\component\CotAudioSource.h">
      <Filter>Component</Filter>
    </ClInclude>
    <ClInclude Include="include\editor\CotEditorAttribute.h">
      <Filter>Editor</Filter>
    </ClInclude>
    <ClInclude Include="include\input\CotInputDevice.h">
      <Filter>Input</Filter>
    </ClInclude>
    <ClInclude Include="include\input\CotInput.h">
      <Filter>Input</Filter>
    </ClInclude>
    <ClInclude Include="include\input\CotKeyCode.h">
      <Filter>Input</Filter>
    </ClInclude>
  </ItemGroup>
  <ItemGroup>
    <Filter Include="Base">
      <UniqueIdentifier>{b4179c9f-0c2e-4ee6-900c-2b215cdbbe1a}</UniqueIdentifier>
    </Filter>
    <Filter Include="Render">
      <UniqueIdentifier>{01824e70-87b1-4642-a352-c226e58065e8}</UniqueIdentifier>
    </Filter>
    <Filter Include="Math">
      <UniqueIdentifier>{db6efc22-21b7-4757-8e9a-ef4f21965888}</UniqueIdentifier>
    </Filter>
    <Filter Include="Audio">
      <UniqueIdentifier>{23ddd9be-1ded-433e-ae83-87516f061bfe}</UniqueIdentifier>
    </Filter>
    <Filter Include="Component">
      <UniqueIdentifier>{6e4b00ca-6f1c-47c1-a8e7-9495c58066d9}</UniqueIdentifier>
    </Filter>
    <Filter Include="Editor">
      <UniqueIdentifier>{48217712-9426-47ea-b8c9-1c50ff3ee491}</UniqueIdentifier>
    </Filter>
    <Filter Include="Asset">
      <UniqueIdentifier>{edb9366a-0218-47c8-b85d-599b4ca04d0b}</UniqueIdentifier>
    </Filter>
    <Filter Include="Input">
      <UniqueIdentifier>{c2a98f3e-3b31-48a4-9912-25991f47e2bb}</UniqueIdentifier>
    </Filter>
  </ItemGroup>
  <ItemGroup>
    <ClCompile Include="src\CotTime.cpp">
      <Filter>Base</Filter>
    </ClCompile>
    <ClCompile Include="src\CotApplication.cpp">
      <Filter>Base</Filter>
    </ClCompile>
    <ClCompile Include="src\CotDx9Device.cpp">
      <Filter>Render</Filter>
    </ClCompile>
    <ClCompile Include="src\CotSceneManager.cpp">
      <Filter>Base</Filter>
    </ClCompile>
    <ClCompile Include="src\CotDx9Renderer2D.cpp">
      <Filter>Render</Filter>
    </ClCompile>
    <ClCompile Include="src\CotColor.cpp">
      <Filter>Math</Filter>
    </ClCompile>
    <ClCompile Include="src\CotColor32.cpp">
      <Filter>Math</Filter>
    </ClCompile>
    <ClCompile Include="src\CotQuaternion.cpp">
      <Filter>Math</Filter>
    </ClCompile>
    <ClCompile Include="src\CotMat4.cpp">
      <Filter>Math</Filter>
    </ClCompile>
    <ClCompile Include="src\CotVec3.cpp">
      <Filter>Math</Filter>
    </ClCompile>
    <ClCompile Include="src\CotVec4.cpp">
      <Filter>Math</Filter>
    </ClCompile>
    <ClCompile Include="src\CotMathFunc.cpp">
      <Filter>Math</Filter>
    </ClCompile>
    <ClCompile Include="src\CotGeometry.cpp">
      <Filter>Math</Filter>
    </ClCompile>
    <ClCompile Include="src\CotVec2.cpp">
      <Filter>Math</Filter>
    </ClCompile>
    <ClCompile Include="src\CotGL2DX.cpp">
      <Filter>Math</Filter>
    </ClCompile>
    <ClCompile Include="src\CotWavDecoder.cpp">
      <Filter>Audio</Filter>
    </ClCompile>
    <ClCompile Include="src\CotOggDecoder.cpp">
      <Filter>Audio</Filter>
    </ClCompile>
    <ClCompile Include="src\CotBroadCastProtocol.cpp">
      <Filter>Base</Filter>
    </ClCompile>
    <ClCompile Include="src\CotEntity.cpp">
      <Filter>Base</Filter>
    </ClCompile>
    <ClCompile Include="src\CotScene.cpp">
      <Filter>Base</Filter>
    </ClCompile>
    <ClCompile Include="src\CotSpriteRenderer.cpp">
      <Filter>Component</Filter>
    </ClCompile>
    <ClCompile Include="src\CotAssetManager.cpp">
      <Filter>Asset</Filter>
    </ClCompile>
    <ClCompile Include="src\CotAsset.cpp">
      <Filter>Asset</Filter>
    </ClCompile>
    <ClCompile Include="src\CotAudioClip.cpp">
      <Filter>Asset</Filter>
    </ClCompile>
    <ClCompile Include="src\CotTexture.cpp">
      <Filter>Asset</Filter>
    </ClCompile>
    <ClCompile Include="src\CotIComponent.cpp">
      <Filter>Component</Filter>
    </ClCompile>
    <ClCompile Include="src\CotRenderManager.cpp">
      <Filter>Render</Filter>
    </ClCompile>
    <ClCompile Include="src\CotAudioListener.cpp">
      <Filter>Component</Filter>
    </ClCompile>
    <ClCompile Include="src\CotAudioSource.cpp">
      <Filter>Component</Filter>
    </ClCompile>
    <ClCompile Include="src\CotInputDevice.cpp">
      <Filter>Input</Filter>
    </ClCompile>
    <ClCompile Include="src\CotInput.cpp">
      <Filter>Input</Filter>
    </ClCompile>
  </ItemGroup>
</Project>