<?xml version="1.0" encoding="utf-8"?>
<Project ToolsVersion="4.0" xmlns="http://schemas.microsoft.com/developer/msbuild/2003">
  <ItemGroup>
    <Filter Include="Main">
      <UniqueIdentifier>{48103fdb-1183-44f7-9c17-14092daa3146}</UniqueIdentifier>
    </Filter>
    <Filter Include="DemoScene">
      <UniqueIdentifier>{05ff2afa-8b39-433f-a65c-ba58a8ff88fa}</UniqueIdentifier>
    </Filter>
    <Filter Include="Test">
      <UniqueIdentifier>{2f8477b2-8241-4c89-bd69-198ff8fe4b67}</UniqueIdentifier>
    </Filter>
  </ItemGroup>
  <ItemGroup>
    <ClCompile Include="main.cpp">
      <Filter>Main</Filter>
    </ClCompile>
    <ClCompile Include="..\Classes\DemoScene.cpp">
      <Filter>DemoScene</Filter>
    </ClCompile>
    <ClCompile Include="..\Classes\TestComponent.cpp">
      <Filter>DemoScene</Filter>
    </ClCompile>
    <ClCompile Include="..\Classes\Gravity.cpp">
      <Filter>Test</Filter>
    </ClCompile>
    <ClCompile Include="..\Classes\Player.cpp">
      <Filter>Test</Filter>
    </ClCompile>
  </ItemGroup>
  <ItemGroup>
    <ClInclude Include="..\Classes\DemoScene.h">
      <Filter>DemoScene</Filter>
    </ClInclude>
    <ClInclude Include="..\Classes\TestComponent.h">
      <Filter>DemoScene</Filter>
    </ClInclude>
    <ClInclude Include="..\Classes\Player.h">
      <Filter>Test</Filter>
    </ClInclude>
    <ClInclude Include="..\Classes\Gravity.h">
      <Filter>Test</Filter>
    </ClInclude>
  </ItemGroup>
</Project>